// !$*UTF8*$!
{
	archiveVersion = 1;
	classes = {
	};
	objectVersion = 50;
	objects = {

/* Begin PBXBuildFile section */
		B239F66C242C024C00CEF07F /* main.m in Sources */ = {isa = PBXBuildFile; fileRef = B239F66B242C024C00CEF07F /* main.m */; };
		B239F674242C0B8400CEF07F /* Question.m in Sources */ = {isa = PBXBuildFile; fileRef = B239F673242C0B8400CEF07F /* Question.m */; };
		B239F677242C153F00CEF07F /* InputHandler.m in Sources */ = {isa = PBXBuildFile; fileRef = B239F676242C153F00CEF07F /* InputHandler.m */; };
		B239F67A242C18DC00CEF07F /* ScoreKeeper.m in Sources */ = {isa = PBXBuildFile; fileRef = B239F679242C18DC00CEF07F /* ScoreKeeper.m */; };
		B2F729D3242D4F17002F791F /* QuestionManager.m in Sources */ = {isa = PBXBuildFile; fileRef = B2F729D2242D4F17002F791F /* QuestionManager.m */; };
		B2F729D6242D5625002F791F /* AdditionQuestion.m in Sources */ = {isa = PBXBuildFile; fileRef = B2F729D5242D5625002F791F /* AdditionQuestion.m */; };
		B2F729D9242D5C19002F791F /* SubtractionQuestion.m in Sources */ = {isa = PBXBuildFile; fileRef = B2F729D8242D5C19002F791F /* SubtractionQuestion.m */; };
		B2F729DC242D5CA8002F791F /* QuestionFactory.m in Sources */ = {isa = PBXBuildFile; fileRef = B2F729DB242D5CA8002F791F /* QuestionFactory.m */; };
		B2F729DF242D647D002F791F /* MultiplicationQuestion.m in Sources */ = {isa = PBXBuildFile; fileRef = B2F729DE242D647D002F791F /* MultiplicationQuestion.m */; };
		B2F729E2242D64C9002F791F /* DivisionQuestion.m in Sources */ = {isa = PBXBuildFile; fileRef = B2F729E1242D64C9002F791F /* DivisionQuestion.m */; };
/* End PBXBuildFile section */

/* Begin PBXCopyFilesBuildPhase section */
		B239F666242C024C00CEF07F /* CopyFiles */ = {
			isa = PBXCopyFilesBuildPhase;
			buildActionMask = 2147483647;
			dstPath = /usr/share/man/man1/;
			dstSubfolderSpec = 0;
			files = (
			);
			runOnlyForDeploymentPostprocessing = 1;
		};
/* End PBXCopyFilesBuildPhase section */

/* Begin PBXFileReference section */
		B239F668242C024C00CEF07F /* Lab3 */ = {isa = PBXFileReference; explicitFileType = "compiled.mach-o.executable"; includeInIndex = 0; path = Lab3; sourceTree = BUILT_PRODUCTS_DIR; };
		B239F66B242C024C00CEF07F /* main.m */ = {isa = PBXFileReference; lastKnownFileType = sourcecode.c.objc; path = main.m; sourceTree = "<group>"; };
		B239F672242C0B8400CEF07F /* Question.h */ = {isa = PBXFileReference; lastKnownFileType = sourcecode.c.h; path = Question.h; sourceTree = "<group>"; };
		B239F673242C0B8400CEF07F /* Question.m */ = {isa = PBXFileReference; lastKnownFileType = sourcecode.c.objc; path = Question.m; sourceTree = "<group>"; };
		B239F675242C153F00CEF07F /* InputHandler.h */ = {isa = PBXFileReference; lastKnownFileType = sourcecode.c.h; path = InputHandler.h; sourceTree = "<group>"; };
		B239F676242C153F00CEF07F /* InputHandler.m */ = {isa = PBXFileReference; lastKnownFileType = sourcecode.c.objc; path = InputHandler.m; sourceTree = "<group>"; };
		B239F678242C18DC00CEF07F /* ScoreKeeper.h */ = {isa = PBXFileReference; lastKnownFileType = sourcecode.c.h; path = ScoreKeeper.h; sourceTree = "<group>"; };
		B239F679242C18DC00CEF07F /* ScoreKeeper.m */ = {isa = PBXFileReference; lastKnownFileType = sourcecode.c.objc; path = ScoreKeeper.m; sourceTree = "<group>"; };
		B2F729D1242D4F17002F791F /* QuestionManager.h */ = {isa = PBXFileReference; lastKnownFileType = sourcecode.c.h; path = QuestionManager.h; sourceTree = "<group>"; };
		B2F729D2242D4F17002F791F /* QuestionManager.m */ = {isa = PBXFileReference; lastKnownFileType = sourcecode.c.objc; path = QuestionManager.m; sourceTree = "<group>"; };
		B2F729D4242D5625002F791F /* AdditionQuestion.h */ = {isa = PBXFileReference; lastKnownFileType = sourcecode.c.h; path = AdditionQuestion.h; sourceTree = "<group>"; };
		B2F729D5242D5625002F791F /* AdditionQuestion.m */ = {isa = PBXFileReference; lastKnownFileType = sourcecode.c.objc; path = AdditionQuestion.m; sourceTree = "<group>"; };
		B2F729D7242D5C19002F791F /* SubtractionQuestion.h */ = {isa = PBXFileReference; lastKnownFileType = sourcecode.c.h; path = SubtractionQuestion.h; sourceTree = "<group>"; };
		B2F729D8242D5C19002F791F /* SubtractionQuestion.m */ = {isa = PBXFileReference; lastKnownFileType = sourcecode.c.objc; path = SubtractionQuestion.m; sourceTree = "<group>"; };
		B2F729DA242D5CA8002F791F /* QuestionFactory.h */ = {isa = PBXFileReference; lastKnownFileType = sourcecode.c.h; path = QuestionFactory.h; sourceTree = "<group>"; };
		B2F729DB242D5CA8002F791F /* QuestionFactory.m */ = {isa = PBXFileReference; lastKnownFileType = sourcecode.c.objc; path = QuestionFactory.m; sourceTree = "<group>"; };
		B2F729DD242D647D002F791F /* MultiplicationQuestion.h */ = {isa = PBXFileReference; lastKnownFileType = sourcecode.c.h; path = MultiplicationQuestion.h; sourceTree = "<group>"; };
		B2F729DE242D647D002F791F /* MultiplicationQuestion.m */ = {isa = PBXFileReference; lastKnownFileType = sourcecode.c.objc; path = MultiplicationQuestion.m; sourceTree = "<group>"; };
		B2F729E0242D64C9002F791F /* DivisionQuestion.h */ = {isa = PBXFileReference; lastKnownFileType = sourcecode.c.h; path = DivisionQuestion.h; sourceTree = "<group>"; };
		B2F729E1242D64C9002F791F /* DivisionQuestion.m */ = {isa = PBXFileReference; lastKnownFileType = sourcecode.c.objc; path = DivisionQuestion.m; sourceTree = "<group>"; };
/* End PBXFileReference section */

/* Begin PBXFrameworksBuildPhase section */
		B239F665242C024C00CEF07F /* Frameworks */ = {
			isa = PBXFrameworksBuildPhase;
			buildActionMask = 2147483647;
			files = (
			);
			runOnlyForDeploymentPostprocessing = 0;
		};
/* End PBXFrameworksBuildPhase section */

/* Begin PBXGroup section */
		B239F65F242C024C00CEF07F = {
			isa = PBXGroup;
			children = (
				B239F66A242C024C00CEF07F /* Lab3 */,
				B239F669242C024C00CEF07F /* Products */,
			);
			sourceTree = "<group>";
		};
		B239F669242C024C00CEF07F /* Products */ = {
			isa = PBXGroup;
			children = (
				B239F668242C024C00CEF07F /* Lab3 */,
			);
			name = Products;
			sourceTree = "<group>";
		};
		B239F66A242C024C00CEF07F /* Lab3 */ = {
			isa = PBXGroup;
			children = (
				B239F66B242C024C00CEF07F /* main.m */,
				B2F729DD242D647D002F791F /* MultiplicationQuestion.h */,
				B2F729DE242D647D002F791F /* MultiplicationQuestion.m */,
				B2F729E0242D64C9002F791F /* DivisionQuestion.h */,
				B2F729E1242D64C9002F791F /* DivisionQuestion.m */,
				B2F729D7242D5C19002F791F /* SubtractionQuestion.h */,
				B2F729D8242D5C19002F791F /* SubtractionQuestion.m */,
				B2F729DA242D5CA8002F791F /* QuestionFactory.h */,
				B2F729DB242D5CA8002F791F /* QuestionFactory.m */,
				B239F675242C153F00CEF07F /* InputHandler.h */,
				B239F676242C153F00CEF07F /* InputHandler.m */,
				B239F672242C0B8400CEF07F /* Question.h */,
				B2F729D4242D5625002F791F /* AdditionQuestion.h */,
				B2F729D5242D5625002F791F /* AdditionQuestion.m */,
				B239F673242C0B8400CEF07F /* Question.m */,
				B239F678242C18DC00CEF07F /* ScoreKeeper.h */,
				B239F679242C18DC00CEF07F /* ScoreKeeper.m */,
				B2F729D1242D4F17002F791F /* QuestionManager.h */,
				B2F729D2242D4F17002F791F /* QuestionManager.m */,
			);
			path = Lab3;
			sourceTree = "<group>";
		};
/* End PBXGroup section */

/* Begin PBXNativeTarget section */
		B239F667242C024C00CEF07F /* Lab3 */ = {
			isa = PBXNativeTarget;
			buildConfigurationList = B239F66F242C024C00CEF07F /* Build configuration list for PBXNativeTarget "Lab3" */;
			buildPhases = (
				B239F664242C024C00CEF07F /* Sources */,
				B239F665242C024C00CEF07F /* Frameworks */,
				B239F666242C024C00CEF07F /* CopyFiles */,
			);
			buildRules = (
			);
			dependencies = (
			);
			name = Lab3;
			productName = Lab3;
			productReference = B239F668242C024C00CEF07F /* Lab3 */;
			productType = "com.apple.product-type.tool";
		};
/* End PBXNativeTarget section */

/* Begin PBXProject section */
		B239F660242C024C00CEF07F /* Project object */ = {
			isa = PBXProject;
			attributes = {
				LastUpgradeCheck = 1130;
				ORGANIZATIONNAME = Yuka;
				TargetAttributes = {
					B239F667242C024C00CEF07F = {
						CreatedOnToolsVersion = 11.3.1;
					};
				};
			};
			buildConfigurationList = B239F663242C024C00CEF07F /* Build configuration list for PBXProject "Lab3" */;
			compatibilityVersion = "Xcode 9.3";
			developmentRegion = en;
			hasScannedForEncodings = 0;
			knownRegions = (
				en,
				Base,
			);
			mainGroup = B239F65F242C024C00CEF07F;
			productRefGroup = B239F669242C024C00CEF07F /* Products */;
			projectDirPath = "";
			projectRoot = "";
			targets = (
				B239F667242C024C00CEF07F /* Lab3 */,
			);
		};
/* End PBXProject section */

/* Begin PBXSourcesBuildPhase section */
		B239F664242C024C00CEF07F /* Sources */ = {
			isa = PBXSourcesBuildPhase;
			buildActionMask = 2147483647;
			files = (
				B2F729E2242D64C9002F791F /* DivisionQuestion.m in Sources */,
				B2F729D3242D4F17002F791F /* QuestionManager.m in Sources */,
				B2F729D6242D5625002F791F /* AdditionQuestion.m in Sources */,
				B2F729D9242D5C19002F791F /* SubtractionQuestion.m in Sources */,
				B239F67A242C18DC00CEF07F /* ScoreKeeper.m in Sources */,
				B2F729DC242D5CA8002F791F /* QuestionFactory.m in Sources */,
				B239F66C242C024C00CEF07F /* main.m in Sources */,
				B2F729DF242D647D002F791F /* MultiplicationQuestion.m in Sources */,
				B239F677242C153F00CEF07F /* InputHandler.m in Sources */,
				B239F674242C0B8400CEF07F /* Question.m in Sources */,
			);
			runOnlyForDeploymentPostprocessing = 0;
		};
/* End PBXSourcesBuildPhase section */

/* Begin XCBuildConfiguration section */
		B239F66D242C024C00CEF07F /* Debug */ = {
			isa = XCBuildConfiguration;
			buildSettings = {
				ALWAYS_SEARCH_USER_PATHS = NO;
				CLANG_ANALYZER_NONNULL = YES;
				CLANG_ANALYZER_NUMBER_OBJECT_CONVERSION = YES_AGGRESSIVE;
				CLANG_CXX_LANGUAGE_STANDARD = "gnu++14";
				CLANG_CXX_LIBRARY = "libc++";
				CLANG_ENABLE_MODULES = YES;
				CLANG_ENABLE_OBJC_ARC = YES;
				CLANG_ENABLE_OBJC_WEAK = YES;
				CLANG_WARN_BLOCK_CAPTURE_AUTORELEASING = YES;
				CLANG_WARN_BOOL_CONVERSION = YES;
				CLANG_WARN_COMMA = YES;
				CLANG_WARN_CONSTANT_CONVERSION = YES;
				CLANG_WARN_DEPRECATED_OBJC_IMPLEMENTATIONS = YES;
				CLANG_WARN_DIRECT_OBJC_ISA_USAGE = YES_ERROR;
				CLANG_WARN_DOCUMENTATION_COMMENTS = YES;
				CLANG_WARN_EMPTY_BODY = YES;
				CLANG_WARN_ENUM_CONVERSION = YES;
				CLANG_WARN_INFINITE_RECURSION = YES;
				CLANG_WARN_INT_CONVERSION = YES;
				CLANG_WARN_NON_LITERAL_NULL_CONVERSION = YES;
				CLANG_WARN_OBJC_IMPLICIT_RETAIN_SELF = YES;
				CLANG_WARN_OBJC_LITERAL_CONVERSION = YES;
				CLANG_WARN_OBJC_ROOT_CLASS = YES_ERROR;
				CLANG_WARN_RANGE_LOOP_ANALYSIS = YES;
				CLANG_WARN_STRICT_PROTOTYPES = YES;
				CLANG_WARN_SUSPICIOUS_MOVE = YES;
				CLANG_WARN_UNGUARDED_AVAILABILITY = YES_AGGRESSIVE;
				CLANG_WARN_UNREACHABLE_CODE = YES;
				CLANG_WARN__DUPLICATE_METHOD_MATCH = YES;
				COPY_PHASE_STRIP = NO;
				DEBUG_INFORMATION_FORMAT = dwarf;
				ENABLE_STRICT_OBJC_MSGSEND = YES;
				ENABLE_TESTABILITY = YES;
				GCC_C_LANGUAGE_STANDARD = gnu11;
				GCC_DYNAMIC_NO_PIC = NO;
				GCC_NO_COMMON_BLOCKS = YES;
				GCC_OPTIMIZATION_LEVEL = 0;
				GCC_PREPROCESSOR_DEFINITIONS = (
					"DEBUG=1",
					"$(inherited)",
				);
				GCC_WARN_64_TO_32_BIT_CONVERSION = YES;
				GCC_WARN_ABOUT_RETURN_TYPE = YES_ERROR;
				GCC_WARN_UNDECLARED_SELECTOR = YES;
				GCC_WARN_UNINITIALIZED_AUTOS = YES_AGGRESSIVE;
				GCC_WARN_UNUSED_FUNCTION = YES;
				GCC_WARN_UNUSED_VARIABLE = YES;
				MACOSX_DEPLOYMENT_TARGET = 10.15;
				MTL_ENABLE_DEBUG_INFO = INCLUDE_SOURCE;
				MTL_FAST_MATH = YES;
				ONLY_ACTIVE_ARCH = YES;
				SDKROOT = macosx;
			};
			name = Debug;
		};
		B239F66E242C024C00CEF07F /* Release */ = {
			isa = XCBuildConfiguration;
			buildSettings = {
				ALWAYS_SEARCH_USER_PATHS = NO;
				CLANG_ANALYZER_NONNULL = YES;
				CLANG_ANALYZER_NUMBER_OBJECT_CONVERSION = YES_AGGRESSIVE;
				CLANG_CXX_LANGUAGE_STANDARD = "gnu++14";
				CLANG_CXX_LIBRARY = "libc++";
				CLANG_ENABLE_MODULES = YES;
				CLANG_ENABLE_OBJC_ARC = YES;
				CLANG_ENABLE_OBJC_WEAK = YES;
				CLANG_WARN_BLOCK_CAPTURE_AUTORELEASING = YES;
				CLANG_WARN_BOOL_CONVERSION = YES;
				CLANG_WARN_COMMA = YES;
				CLANG_WARN_CONSTANT_CONVERSION = YES;
				CLANG_WARN_DEPRECATED_OBJC_IMPLEMENTATIONS = YES;
				CLANG_WARN_DIRECT_OBJC_ISA_USAGE = YES_ERROR;
				CLANG_WARN_DOCUMENTATION_COMMENTS = YES;
				CLANG_WARN_EMPTY_BODY = YES;
				CLANG_WARN_ENUM_CONVERSION = YES;
				CLANG_WARN_INFINITE_RECURSION = YES;
				CLANG_WARN_INT_CONVERSION = YES;
				CLANG_WARN_NON_LITERAL_NULL_CONVERSION = YES;
				CLANG_WARN_OBJC_IMPLICIT_RETAIN_SELF = YES;
				CLANG_WARN_OBJC_LITERAL_CONVERSION = YES;
				CLANG_WARN_OBJC_ROOT_CLASS = YES_ERROR;
				CLANG_WARN_RANGE_LOOP_ANALYSIS = YES;
				CLANG_WARN_STRICT_PROTOTYPES = YES;
				CLANG_WARN_SUSPICIOUS_MOVE = YES;
				CLANG_WARN_UNGUARDED_AVAILABILITY = YES_AGGRESSIVE;
				CLANG_WARN_UNREACHABLE_CODE = YES;
				CLANG_WARN__DUPLICATE_METHOD_MATCH = YES;
				COPY_PHASE_STRIP = NO;
				DEBUG_INFORMATION_FORMAT = "dwarf-with-dsym";
				ENABLE_NS_ASSERTIONS = NO;
				ENABLE_STRICT_OBJC_MSGSEND = YES;
				GCC_C_LANGUAGE_STANDARD = gnu11;
				GCC_NO_COMMON_BLOCKS = YES;
				GCC_WARN_64_TO_32_BIT_CONVERSION = YES;
				GCC_WARN_ABOUT_RETURN_TYPE = YES_ERROR;
				GCC_WARN_UNDECLARED_SELECTOR = YES;
				GCC_WARN_UNINITIALIZED_AUTOS = YES_AGGRESSIVE;
				GCC_WARN_UNUSED_FUNCTION = YES;
				GCC_WARN_UNUSED_VARIABLE = YES;
				MACOSX_DEPLOYMENT_TARGET = 10.15;
				MTL_ENABLE_DEBUG_INFO = NO;
				MTL_FAST_MATH = YES;
				SDKROOT = macosx;
			};
			name = Release;
		};
		B239F670242C024C00CEF07F /* Debug */ = {
			isa = XCBuildConfiguration;
			buildSettings = {
				CODE_SIGN_STYLE = Automatic;
				PRODUCT_NAME = "$(TARGET_NAME)";
			};
			name = Debug;
		};
		B239F671242C024C00CEF07F /* Release */ = {
			isa = XCBuildConfiguration;
			buildSettings = {
				CODE_SIGN_STYLE = Automatic;
				PRODUCT_NAME = "$(TARGET_NAME)";
			};
			name = Release;
		};
/* End XCBuildConfiguration section */

/* Begin XCConfigurationList section */
		B239F663242C024C00CEF07F /* Build configuration list for PBXProject "Lab3" */ = {
			isa = XCConfigurationList;
			buildConfigurations = (
				B239F66D242C024C00CEF07F /* Debug */,
				B239F66E242C024C00CEF07F /* Release */,
			);
			defaultConfigurationIsVisible = 0;
			defaultConfigurationName = Release;
		};
		B239F66F242C024C00CEF07F /* Build configuration list for PBXNativeTarget "Lab3" */ = {
			isa = XCConfigurationList;
			buildConfigurations = (
				B239F670242C024C00CEF07F /* Debug */,
				B239F671242C024C00CEF07F /* Release */,
			);
			defaultConfigurationIsVisible = 0;
			defaultConfigurationName = Release;
		};
/* End XCConfigurationList section */
	};
	rootObject = B239F660242C024C00CEF07F /* Project object */;
}
