// !$*UTF8*$!
{
	archiveVersion = 1;
	classes = {
	};
	objectVersion = 46;
	objects = {

/* Begin PBXBuildFile section */
		6001EC81197B4EC300F97011 /* Foundation.framework in Frameworks */ = {isa = PBXBuildFile; fileRef = 6001EC80197B4EC300F97011 /* Foundation.framework */; };
		6001EC84197B4EC300F97011 /* main.m in Sources */ = {isa = PBXBuildFile; fileRef = 6001EC83197B4EC300F97011 /* main.m */; };
		6001EC90197B502F00F97011 /* Kitchen.m in Sources */ = {isa = PBXBuildFile; fileRef = 6001EC8F197B502F00F97011 /* Kitchen.m */; };
		B22BDB55243EA9BE0030481D /* ManagerA.m in Sources */ = {isa = PBXBuildFile; fileRef = B22BDB54243EA9BE0030481D /* ManagerA.m */; };
		B22BDB58243EAA4A0030481D /* ManagerB.m in Sources */ = {isa = PBXBuildFile; fileRef = B22BDB57243EAA4A0030481D /* ManagerB.m */; };
		B22BDB5B244078730030481D /* DeliveryService.m in Sources */ = {isa = PBXBuildFile; fileRef = B22BDB5A244078730030481D /* DeliveryService.m */; };
		B22BDB5E2440787B0030481D /* DeliveryCar.m in Sources */ = {isa = PBXBuildFile; fileRef = B22BDB5D2440787B0030481D /* DeliveryCar.m */; };
		B2F72A132431D6FE002F791F /* Pizza.m in Sources */ = {isa = PBXBuildFile; fileRef = B2F72A122431D6FE002F791F /* Pizza.m */; };
/* End PBXBuildFile section */

/* Begin PBXCopyFilesBuildPhase section */
		6001EC7B197B4EC300F97011 /* CopyFiles */ = {
			isa = PBXCopyFilesBuildPhase;
			buildActionMask = 2147483647;
			dstPath = /usr/share/man/man1/;
			dstSubfolderSpec = 0;
			files = (
			);
			runOnlyForDeploymentPostprocessing = 1;
		};
/* End PBXCopyFilesBuildPhase section */

/* Begin PBXFileReference section */
		6001EC7D197B4EC300F97011 /* PizzaRestaurant */ = {isa = PBXFileReference; explicitFileType = "compiled.mach-o.executable"; includeInIndex = 0; path = PizzaRestaurant; sourceTree = BUILT_PRODUCTS_DIR; };
		6001EC80197B4EC300F97011 /* Foundation.framework */ = {isa = PBXFileReference; lastKnownFileType = wrapper.framework; name = Foundation.framework; path = System/Library/Frameworks/Foundation.framework; sourceTree = SDKROOT; };
		6001EC83197B4EC300F97011 /* main.m */ = {isa = PBXFileReference; lastKnownFileType = sourcecode.c.objc; path = main.m; sourceTree = "<group>"; };
		6001EC86197B4EC300F97011 /* PizzaRestaurant-Prefix.pch */ = {isa = PBXFileReference; lastKnownFileType = sourcecode.c.h; path = "PizzaRestaurant-Prefix.pch"; sourceTree = "<group>"; };
		6001EC8E197B502F00F97011 /* Kitchen.h */ = {isa = PBXFileReference; fileEncoding = 4; lastKnownFileType = sourcecode.c.h; path = Kitchen.h; sourceTree = "<group>"; };
		6001EC8F197B502F00F97011 /* Kitchen.m */ = {isa = PBXFileReference; fileEncoding = 4; lastKnownFileType = sourcecode.c.objc; path = Kitchen.m; sourceTree = "<group>"; };
		B22BDB53243EA9BE0030481D /* ManagerA.h */ = {isa = PBXFileReference; lastKnownFileType = sourcecode.c.h; path = ManagerA.h; sourceTree = "<group>"; };
		B22BDB54243EA9BE0030481D /* ManagerA.m */ = {isa = PBXFileReference; lastKnownFileType = sourcecode.c.objc; path = ManagerA.m; sourceTree = "<group>"; };
		B22BDB56243EAA4A0030481D /* ManagerB.h */ = {isa = PBXFileReference; lastKnownFileType = sourcecode.c.h; path = ManagerB.h; sourceTree = "<group>"; };
		B22BDB57243EAA4A0030481D /* ManagerB.m */ = {isa = PBXFileReference; lastKnownFileType = sourcecode.c.objc; path = ManagerB.m; sourceTree = "<group>"; };
		B22BDB59244078730030481D /* DeliveryService.h */ = {isa = PBXFileReference; lastKnownFileType = sourcecode.c.h; path = DeliveryService.h; sourceTree = "<group>"; };
		B22BDB5A244078730030481D /* DeliveryService.m */ = {isa = PBXFileReference; lastKnownFileType = sourcecode.c.objc; path = DeliveryService.m; sourceTree = "<group>"; };
		B22BDB5C2440787B0030481D /* DeliveryCar.h */ = {isa = PBXFileReference; lastKnownFileType = sourcecode.c.h; path = DeliveryCar.h; sourceTree = "<group>"; };
		B22BDB5D2440787B0030481D /* DeliveryCar.m */ = {isa = PBXFileReference; lastKnownFileType = sourcecode.c.objc; path = DeliveryCar.m; sourceTree = "<group>"; };
		B2F72A112431D6FE002F791F /* Pizza.h */ = {isa = PBXFileReference; lastKnownFileType = sourcecode.c.h; path = Pizza.h; sourceTree = "<group>"; };
		B2F72A122431D6FE002F791F /* Pizza.m */ = {isa = PBXFileReference; lastKnownFileType = sourcecode.c.objc; path = Pizza.m; sourceTree = "<group>"; };
/* End PBXFileReference section */

/* Begin PBXFrameworksBuildPhase section */
		6001EC7A197B4EC300F97011 /* Frameworks */ = {
			isa = PBXFrameworksBuildPhase;
			buildActionMask = 2147483647;
			files = (
				6001EC81197B4EC300F97011 /* Foundation.framework in Frameworks */,
			);
			runOnlyForDeploymentPostprocessing = 0;
		};
/* End PBXFrameworksBuildPhase section */

/* Begin PBXGroup section */
		6001EC74197B4EC300F97011 = {
			isa = PBXGroup;
			children = (
				6001EC82197B4EC300F97011 /* PizzaRestaurant */,
				6001EC7F197B4EC300F97011 /* Frameworks */,
				6001EC7E197B4EC300F97011 /* Products */,
			);
			sourceTree = "<group>";
		};
		6001EC7E197B4EC300F97011 /* Products */ = {
			isa = PBXGroup;
			children = (
				6001EC7D197B4EC300F97011 /* PizzaRestaurant */,
			);
			name = Products;
			sourceTree = "<group>";
		};
		6001EC7F197B4EC300F97011 /* Frameworks */ = {
			isa = PBXGroup;
			children = (
				6001EC80197B4EC300F97011 /* Foundation.framework */,
			);
			name = Frameworks;
			sourceTree = "<group>";
		};
		6001EC82197B4EC300F97011 /* PizzaRestaurant */ = {
			isa = PBXGroup;
			children = (
				6001EC83197B4EC300F97011 /* main.m */,
				B22BDB53243EA9BE0030481D /* ManagerA.h */,
				B22BDB54243EA9BE0030481D /* ManagerA.m */,
				B22BDB59244078730030481D /* DeliveryService.h */,
				B22BDB5A244078730030481D /* DeliveryService.m */,
				B22BDB5C2440787B0030481D /* DeliveryCar.h */,
				B22BDB5D2440787B0030481D /* DeliveryCar.m */,
				6001EC8E197B502F00F97011 /* Kitchen.h */,
				B22BDB56243EAA4A0030481D /* ManagerB.h */,
				B22BDB57243EAA4A0030481D /* ManagerB.m */,
				6001EC8F197B502F00F97011 /* Kitchen.m */,
				6001EC85197B4EC300F97011 /* Supporting Files */,
				B2F72A112431D6FE002F791F /* Pizza.h */,
				B2F72A122431D6FE002F791F /* Pizza.m */,
			);
			path = PizzaRestaurant;
			sourceTree = "<group>";
		};
		6001EC85197B4EC300F97011 /* Supporting Files */ = {
			isa = PBXGroup;
			children = (
				6001EC86197B4EC300F97011 /* PizzaRestaurant-Prefix.pch */,
			);
			name = "Supporting Files";
			sourceTree = "<group>";
		};
/* End PBXGroup section */

/* Begin PBXNativeTarget section */
		6001EC7C197B4EC300F97011 /* PizzaRestaurant */ = {
			isa = PBXNativeTarget;
			buildConfigurationList = 6001EC8B197B4EC300F97011 /* Build configuration list for PBXNativeTarget "PizzaRestaurant" */;
			buildPhases = (
				6001EC79197B4EC300F97011 /* Sources */,
				6001EC7A197B4EC300F97011 /* Frameworks */,
				6001EC7B197B4EC300F97011 /* CopyFiles */,
			);
			buildRules = (
			);
			dependencies = (
			);
			name = PizzaRestaurant;
			productName = PizzaRestaurant;
			productReference = 6001EC7D197B4EC300F97011 /* PizzaRestaurant */;
			productType = "com.apple.product-type.tool";
		};
/* End PBXNativeTarget section */

/* Begin PBXProject section */
		6001EC75197B4EC300F97011 /* Project object */ = {
			isa = PBXProject;
			attributes = {
				LastUpgradeCheck = 1130;
				ORGANIZATIONNAME = "Lighthouse Labs";
			};
			buildConfigurationList = 6001EC78197B4EC300F97011 /* Build configuration list for PBXProject "PizzaRestaurant" */;
			compatibilityVersion = "Xcode 3.2";
			developmentRegion = en;
			hasScannedForEncodings = 0;
			knownRegions = (
				en,
				Base,
			);
			mainGroup = 6001EC74197B4EC300F97011;
			productRefGroup = 6001EC7E197B4EC300F97011 /* Products */;
			projectDirPath = "";
			projectRoot = "";
			targets = (
				6001EC7C197B4EC300F97011 /* PizzaRestaurant */,
			);
		};
/* End PBXProject section */

/* Begin PBXSourcesBuildPhase section */
		6001EC79197B4EC300F97011 /* Sources */ = {
			isa = PBXSourcesBuildPhase;
			buildActionMask = 2147483647;
			files = (
				B22BDB5E2440787B0030481D /* DeliveryCar.m in Sources */,
				B2F72A132431D6FE002F791F /* Pizza.m in Sources */,
				B22BDB55243EA9BE0030481D /* ManagerA.m in Sources */,
				6001EC90197B502F00F97011 /* Kitchen.m in Sources */,
				6001EC84197B4EC300F97011 /* main.m in Sources */,
				B22BDB58243EAA4A0030481D /* ManagerB.m in Sources */,
				B22BDB5B244078730030481D /* DeliveryService.m in Sources */,
			);
			runOnlyForDeploymentPostprocessing = 0;
		};
/* End PBXSourcesBuildPhase section */

/* Begin XCBuildConfiguration section */
		6001EC89197B4EC300F97011 /* Debug */ = {
			isa = XCBuildConfiguration;
			buildSettings = {
				ALWAYS_SEARCH_USER_PATHS = NO;
				CLANG_ANALYZER_LOCALIZABILITY_NONLOCALIZED = YES;
				CLANG_CXX_LANGUAGE_STANDARD = "gnu++0x";
				CLANG_CXX_LIBRARY = "libc++";
				CLANG_ENABLE_MODULES = YES;
				CLANG_ENABLE_OBJC_ARC = YES;
				CLANG_WARN_BLOCK_CAPTURE_AUTORELEASING = YES;
				CLANG_WARN_BOOL_CONVERSION = YES;
				CLANG_WARN_COMMA = YES;
				CLANG_WARN_CONSTANT_CONVERSION = YES;
				CLANG_WARN_DEPRECATED_OBJC_IMPLEMENTATIONS = YES;
				CLANG_WARN_DIRECT_OBJC_ISA_USAGE = YES_ERROR;
				CLANG_WARN_EMPTY_BODY = YES;
				CLANG_WARN_ENUM_CONVERSION = YES;
				CLANG_WARN_INFINITE_RECURSION = YES;
				CLANG_WARN_INT_CONVERSION = YES;
				CLANG_WARN_NON_LITERAL_NULL_CONVERSION = YES;
				CLANG_WARN_OBJC_IMPLICIT_RETAIN_SELF = YES;
				CLANG_WARN_OBJC_LITERAL_CONVERSION = YES;
				CLANG_WARN_OBJC_ROOT_CLASS = YES_ERROR;
				CLANG_WARN_RANGE_LOOP_ANALYSIS = YES;
				CLANG_WARN_STRICT_PROTOTYPES = YES;
				CLANG_WARN_SUSPICIOUS_MOVE = YES;
				CLANG_WARN_UNREACHABLE_CODE = YES;
				CLANG_WARN__DUPLICATE_METHOD_MATCH = YES;
				COPY_PHASE_STRIP = NO;
				ENABLE_STRICT_OBJC_MSGSEND = YES;
				ENABLE_TESTABILITY = YES;
				GCC_C_LANGUAGE_STANDARD = gnu99;
				GCC_DYNAMIC_NO_PIC = NO;
				GCC_ENABLE_OBJC_EXCEPTIONS = YES;
				GCC_NO_COMMON_BLOCKS = YES;
				GCC_OPTIMIZATION_LEVEL = 0;
				GCC_PREPROCESSOR_DEFINITIONS = (
					"DEBUG=1",
					"$(inherited)",
				);
				GCC_SYMBOLS_PRIVATE_EXTERN = NO;
				GCC_WARN_64_TO_32_BIT_CONVERSION = YES;
				GCC_WARN_ABOUT_RETURN_TYPE = YES_ERROR;
				GCC_WARN_UNDECLARED_SELECTOR = YES;
				GCC_WARN_UNINITIALIZED_AUTOS = YES_AGGRESSIVE;
				GCC_WARN_UNUSED_FUNCTION = YES;
				GCC_WARN_UNUSED_VARIABLE = YES;
				MACOSX_DEPLOYMENT_TARGET = 10.9;
				ONLY_ACTIVE_ARCH = YES;
				SDKROOT = macosx;
			};
			name = Debug;
		};
		6001EC8A197B4EC300F97011 /* Release */ = {
			isa = XCBuildConfiguration;
			buildSettings = {
				ALWAYS_SEARCH_USER_PATHS = NO;
				CLANG_ANALYZER_LOCALIZABILITY_NONLOCALIZED = YES;
				CLANG_CXX_LANGUAGE_STANDARD = "gnu++0x";
				CLANG_CXX_LIBRARY = "libc++";
				CLANG_ENABLE_MODULES = YES;
				CLANG_ENABLE_OBJC_ARC = YES;
				CLANG_WARN_BLOCK_CAPTURE_AUTORELEASING = YES;
				CLANG_WARN_BOOL_CONVERSION = YES;
				CLANG_WARN_COMMA = YES;
				CLANG_WARN_CONSTANT_CONVERSION = YES;
				CLANG_WARN_DEPRECATED_OBJC_IMPLEMENTATIONS = YES;
				CLANG_WARN_DIRECT_OBJC_ISA_USAGE = YES_ERROR;
				CLANG_WARN_EMPTY_BODY = YES;
				CLANG_WARN_ENUM_CONVERSION = YES;
				CLANG_WARN_INFINITE_RECURSION = YES;
				CLANG_WARN_INT_CONVERSION = YES;
				CLANG_WARN_NON_LITERAL_NULL_CONVERSION = YES;
				CLANG_WARN_OBJC_IMPLICIT_RETAIN_SELF = YES;
				CLANG_WARN_OBJC_LITERAL_CONVERSION = YES;
				CLANG_WARN_OBJC_ROOT_CLASS = YES_ERROR;
				CLANG_WARN_RANGE_LOOP_ANALYSIS = YES;
				CLANG_WARN_STRICT_PROTOTYPES = YES;
				CLANG_WARN_SUSPICIOUS_MOVE = YES;
				CLANG_WARN_UNREACHABLE_CODE = YES;
				CLANG_WARN__DUPLICATE_METHOD_MATCH = YES;
				COPY_PHASE_STRIP = YES;
				DEBUG_INFORMATION_FORMAT = "dwarf-with-dsym";
				ENABLE_NS_ASSERTIONS = NO;
				ENABLE_STRICT_OBJC_MSGSEND = YES;
				GCC_C_LANGUAGE_STANDARD = gnu99;
				GCC_ENABLE_OBJC_EXCEPTIONS = YES;
				GCC_NO_COMMON_BLOCKS = YES;
				GCC_WARN_64_TO_32_BIT_CONVERSION = YES;
				GCC_WARN_ABOUT_RETURN_TYPE = YES_ERROR;
				GCC_WARN_UNDECLARED_SELECTOR = YES;
				GCC_WARN_UNINITIALIZED_AUTOS = YES_AGGRESSIVE;
				GCC_WARN_UNUSED_FUNCTION = YES;
				GCC_WARN_UNUSED_VARIABLE = YES;
				MACOSX_DEPLOYMENT_TARGET = 10.9;
				SDKROOT = macosx;
			};
			name = Release;
		};
		6001EC8C197B4EC300F97011 /* Debug */ = {
			isa = XCBuildConfiguration;
			buildSettings = {
				CODE_SIGN_IDENTITY = "-";
				GCC_PRECOMPILE_PREFIX_HEADER = YES;
				GCC_PREFIX_HEADER = "PizzaRestaurant/PizzaRestaurant-Prefix.pch";
				PRODUCT_NAME = "$(TARGET_NAME)";
			};
			name = Debug;
		};
		6001EC8D197B4EC300F97011 /* Release */ = {
			isa = XCBuildConfiguration;
			buildSettings = {
				CODE_SIGN_IDENTITY = "-";
				GCC_PRECOMPILE_PREFIX_HEADER = YES;
				GCC_PREFIX_HEADER = "PizzaRestaurant/PizzaRestaurant-Prefix.pch";
				PRODUCT_NAME = "$(TARGET_NAME)";
			};
			name = Release;
		};
/* End XCBuildConfiguration section */

/* Begin XCConfigurationList section */
		6001EC78197B4EC300F97011 /* Build configuration list for PBXProject "PizzaRestaurant" */ = {
			isa = XCConfigurationList;
			buildConfigurations = (
				6001EC89197B4EC300F97011 /* Debug */,
				6001EC8A197B4EC300F97011 /* Release */,
			);
			defaultConfigurationIsVisible = 0;
			defaultConfigurationName = Release;
		};
		6001EC8B197B4EC300F97011 /* Build configuration list for PBXNativeTarget "PizzaRestaurant" */ = {
			isa = XCConfigurationList;
			buildConfigurations = (
				6001EC8C197B4EC300F97011 /* Debug */,
				6001EC8D197B4EC300F97011 /* Release */,
			);
			defaultConfigurationIsVisible = 0;
			defaultConfigurationName = Release;
		};
/* End XCConfigurationList section */
	};
	rootObject = 6001EC75197B4EC300F97011 /* Project object */;
}
